{
  "name": "pmkroeker.github.io",
  "version": "1.0.0",
  "lockfileVersion": 1,
  "requires": true,
  "dependencies": {
    "preact": {
      "version": "10.0.0-beta.1",
      "resolved": "https://registry.npmjs.org/preact/-/preact-10.0.0-beta.1.tgz",
      "integrity": "sha512-1uhj3JXOEzEPUof5t/iQW5heEvTOpexwS0FLAjJQfgfT8OCXICyzI2TwkYyFJ+W9q9GsDmhZgFagH2G0akFveQ=="
    },
    "preact-router": {
      "version": "3.0.0",
      "resolved": "https://registry.npmjs.org/preact-router/-/preact-router-3.0.0.tgz",
      "integrity": "sha512-v/dTwXa0TAeP2NTf4YFvT+TygejoSxN4Un9y90sNJiM/r6EY6wqBEoxmCdTTz5Yb101iP3Zuwr+4Wby7ZY1S+w=="
    },
    "typescript": {
      "version": "3.4.5",
      "resolved": "https://registry.npmjs.org/typescript/-/typescript-3.4.5.tgz",
      "integrity": "sha512-YycBxUb49UUhdNMU5aJ7z5Ej2XGmaIBL0x34vZ82fn3hGvD+bgrMrVDpatgz2f7YxUMJxMkbWxJZeAvDxVe7Vw==",
      "dev": true
    }
  }
}
